
Microsoft Visual Studio Solution File, Format Version 12.00
# Visual Studio Version 17
VisualStudioVersion = 17.0.31903.59
MinimumVisualStudioVersion = 10.0.40219.1
Project("{FAE04EC0-301F-11D3-BF4B-00C04F79EFBC}") = "GenericsConsoleApp", "GenericsConsoleApp.csproj", "{2E3530DB-85D8-47E8-99B4-D0CFFCC1141A}"
EndProject
Global
	GlobalSection(SolutionConfigurationPlatforms) = preSolution
		Debug|Any CPU = Debug|Any CPU
		Release|Any CPU = Release|Any CPU
	EndGlobalSection
	GlobalSection(ProjectConfigurationPlatforms) = postSolution
		{2E3530DB-85D8-47E8-99B4-D0CFFCC1141A}.Debug|Any CPU.ActiveCfg = Debug|Any CPU
		{2E3530DB-85D8-47E8-99B4-D0CFFCC1141A}.Debug|Any CPU.Build.0 = Debug|Any CPU
		{2E3530DB-85D8-47E8-99B4-D0CFFCC1141A}.Release|Any CPU.ActiveCfg = Release|Any CPU
		{2E3530DB-85D8-47E8-99B4-D0CFFCC1141A}.Release|Any CPU.Build.0 = Release|Any CPU
	EndGlobalSection
	GlobalSection(SolutionProperties) = preSolution
		HideSolutionNode = FALSE
	EndGlobalSection
	GlobalSection(ExtensibilityGlobals) = postSolution
		SolutionGuid = {A3196BD6-7432-4BCB-8125-EA8EC0D92CAE}
	EndGlobalSection
EndGlobal
